
Microsoft Visual Studio Solution File, Format Version 12.00
# Visual Studio Version 16
VisualStudioVersion = 16.0.29728.190
MinimumVisualStudioVersion = 10.0.40219.1
Project("{FAE04EC0-301F-11D3-BF4B-00C04F79EFBC}") = "WpfApp1", "WpfApp1\WpfApp1.csproj", "{1E3FF353-5E5D-4019-AE0B-166A4554C41F}"
EndProject
Global
	GlobalSection(SolutionConfigurationPlatforms) = preSolution
		Debug|Any CPU = Debug|Any CPU
		Release|Any CPU = Release|Any CPU
	EndGlobalSection
	GlobalSection(ProjectConfigurationPlatforms) = postSolution
		{1E3FF353-5E5D-4019-AE0B-166A4554C41F}.Debug|Any CPU.ActiveCfg = Debug|Any CPU
		{1E3FF353-5E5D-4019-AE0B-166A4554C41F}.Debug|Any CPU.Build.0 = Debug|Any CPU
		{1E3FF353-5E5D-4019-AE0B-166A4554C41F}.Release|Any CPU.ActiveCfg = Release|Any CPU
		{1E3FF353-5E5D-4019-AE0B-166A4554C41F}.Release|Any CPU.Build.0 = Release|Any CPU
	EndGlobalSection
	GlobalSection(SolutionProperties) = preSolution
		HideSolutionNode = FALSE
	EndGlobalSection
	GlobalSection(ExtensibilityGlobals) = postSolution
		SolutionGuid = {B8E9FD27-6A45-45D3-9FBE-53130ADBC4C0}
	EndGlobalSection
EndGlobal
